
Microsoft Visual Studio Solution File, Format Version 12.00
# Visual Studio 15
VisualStudioVersion = 15.0.27703.2035
MinimumVisualStudioVersion = 10.0.40219.1
Project("{FAE04EC0-301F-11D3-BF4B-00C04F79EFBC}") = "NUnit3Gui", "NUnit3Gui\NUnit3Gui.csproj", "{F36C47AF-DD36-410F-896C-DBE1459DDEED}"
EndProject
Project("{FAE04EC0-301F-11D3-BF4B-00C04F79EFBC}") = "NUnit3Gui.UnitTest", "NUnit3Gui.UnitTest\NUnit3Gui.UnitTest.csproj", "{79962B62-9248-448B-AD39-2D6C5C13539B}"
EndProject
Project("{2150E333-8FDC-42A3-9474-1A3956D46DE8}") = "Solution Items", "Solution Items", "{72F74EF7-4904-40E7-891E-F77226B0FEA6}"
EndProject
Project("{FAE04EC0-301F-11D3-BF4B-00C04F79EFBC}") = "UnitTestProject1", "UnitTestProject1\UnitTestProject1.csproj", "{5CF72D2E-2A5B-4421-9D19-3EE7686EC66F}"
EndProject
Global
	GlobalSection(SolutionConfigurationPlatforms) = preSolution
		Debug|Any CPU = Debug|Any CPU
		Release|Any CPU = Release|Any CPU
	EndGlobalSection
	GlobalSection(ProjectConfigurationPlatforms) = postSolution
		{F36C47AF-DD36-410F-896C-DBE1459DDEED}.Debug|Any CPU.ActiveCfg = Debug|Any CPU
		{F36C47AF-DD36-410F-896C-DBE1459DDEED}.Debug|Any CPU.Build.0 = Debug|Any CPU
		{F36C47AF-DD36-410F-896C-DBE1459DDEED}.Release|Any CPU.ActiveCfg = Release|Any CPU
		{F36C47AF-DD36-410F-896C-DBE1459DDEED}.Release|Any CPU.Build.0 = Release|Any CPU
		{79962B62-9248-448B-AD39-2D6C5C13539B}.Debug|Any CPU.ActiveCfg = Debug|Any CPU
		{79962B62-9248-448B-AD39-2D6C5C13539B}.Debug|Any CPU.Build.0 = Debug|Any CPU
		{79962B62-9248-448B-AD39-2D6C5C13539B}.Release|Any CPU.ActiveCfg = Release|Any CPU
		{79962B62-9248-448B-AD39-2D6C5C13539B}.Release|Any CPU.Build.0 = Release|Any CPU
		{5CF72D2E-2A5B-4421-9D19-3EE7686EC66F}.Debug|Any CPU.ActiveCfg = Debug|Any CPU
		{5CF72D2E-2A5B-4421-9D19-3EE7686EC66F}.Debug|Any CPU.Build.0 = Debug|Any CPU
		{5CF72D2E-2A5B-4421-9D19-3EE7686EC66F}.Release|Any CPU.ActiveCfg = Release|Any CPU
		{5CF72D2E-2A5B-4421-9D19-3EE7686EC66F}.Release|Any CPU.Build.0 = Release|Any CPU
	EndGlobalSection
	GlobalSection(SolutionProperties) = preSolution
		HideSolutionNode = FALSE
	EndGlobalSection
	GlobalSection(ExtensibilityGlobals) = postSolution
		SolutionGuid = {F0410EB6-E4E5-4F47-9551-124265475884}
	EndGlobalSection
EndGlobal
