
Microsoft Visual Studio Solution File, Format Version 12.00
# Visual Studio 15
VisualStudioVersion = 15.0.28010.2036
MinimumVisualStudioVersion = 10.0.40219.1
Project("{FAE04EC0-301F-11D3-BF4B-00C04F79EFBC}") = "NUnit3GUIWPF", "NUnit3GUIWPF\NUnit3GUIWPF.csproj", "{B3CC72A0-9B2F-45ED-BBB5-FBEAD8DC7C32}"
EndProject
Global
	GlobalSection(SolutionConfigurationPlatforms) = preSolution
		Debug|Any CPU = Debug|Any CPU
		Release|Any CPU = Release|Any CPU
	EndGlobalSection
	GlobalSection(ProjectConfigurationPlatforms) = postSolution
		{B3CC72A0-9B2F-45ED-BBB5-FBEAD8DC7C32}.Debug|Any CPU.ActiveCfg = Debug|Any CPU
		{B3CC72A0-9B2F-45ED-BBB5-FBEAD8DC7C32}.Debug|Any CPU.Build.0 = Debug|Any CPU
		{B3CC72A0-9B2F-45ED-BBB5-FBEAD8DC7C32}.Release|Any CPU.ActiveCfg = Release|Any CPU
		{B3CC72A0-9B2F-45ED-BBB5-FBEAD8DC7C32}.Release|Any CPU.Build.0 = Release|Any CPU
	EndGlobalSection
	GlobalSection(SolutionProperties) = preSolution
		HideSolutionNode = FALSE
	EndGlobalSection
	GlobalSection(ExtensibilityGlobals) = postSolution
		SolutionGuid = {CA1C6DFD-EFDD-4A02-B45E-0BA991A4201F}
	EndGlobalSection
EndGlobal
